
Microsoft Visual Studio Solution File, Format Version 12.00
# Visual Studio Version 16
VisualStudioVersion = 16.0.30204.135
MinimumVisualStudioVersion = 10.0.40219.1
Project("{FAE04EC0-301F-11D3-BF4B-00C04F79EFBC}") = "bedhil", "bedhil\bedhil.csproj", "{5B81FEB7-3254-43E6-8544-2CC17E5EF4D7}"
EndProject
Global
	GlobalSection(SolutionConfigurationPlatforms) = preSolution
		Debug|Any CPU = Debug|Any CPU
		Release|Any CPU = Release|Any CPU
	EndGlobalSection
	GlobalSection(ProjectConfigurationPlatforms) = postSolution
		{5B81FEB7-3254-43E6-8544-2CC17E5EF4D7}.Debug|Any CPU.ActiveCfg = Debug|Any CPU
		{5B81FEB7-3254-43E6-8544-2CC17E5EF4D7}.Debug|Any CPU.Build.0 = Debug|Any CPU
		{5B81FEB7-3254-43E6-8544-2CC17E5EF4D7}.Release|Any CPU.ActiveCfg = Release|Any CPU
		{5B81FEB7-3254-43E6-8544-2CC17E5EF4D7}.Release|Any CPU.Build.0 = Release|Any CPU
	EndGlobalSection
	GlobalSection(SolutionProperties) = preSolution
		HideSolutionNode = FALSE
	EndGlobalSection
	GlobalSection(ExtensibilityGlobals) = postSolution
		SolutionGuid = {468FCA3E-4A58-4DE3-8537-902CB585AEBE}
	EndGlobalSection
EndGlobal
